<?xml version="1.0" encoding="utf-8"?>
<Project ToolsVersion="4.0" xmlns="http://schemas.microsoft.com/developer/msbuild/2003">
  <ItemGroup>
    <ClInclude Include="Engine\Render\RenderEngine.h" />
    <ClInclude Include="Engine\MacroObject.h" />
    <ClInclude Include="Engine\Math\Vector2.h" />
    <ClInclude Include="Engine\ExternalLibs\glfw3.h" />
    <ClInclude Include="Engine\ExternalLibs\glfw3native.h" />
    <ClInclude Include="Engine\ExternalLibs\litegfx.h" />
    <ClInclude Include="Engine\ExternalLibs\stb_image.h" />
    <ClInclude Include="Engine\CoreUtilities\SingletonBase.h" />
    <ClInclude Include="Engine\DrawUtilities\Grid.h" />
    <ClInclude Include="Engine\DrawUtilities\Shapes.h" />
    <ClInclude Include="Engine\Input\InputManager.h" />
  </ItemGroup>
  <ItemGroup>
    <ClCompile Include="Engine\Render\RenderEngine.cpp" />
    <ClCompile Include="Engine\MacroObject.cpp" />
    <ClCompile Include="Engine\Math\Vector2.cpp" />
    <ClCompile Include="Engine\DrawUtilities\Grid.cpp" />
    <ClCompile Include="Engine\DrawUtilities\Shapes.cpp" />
    <ClCompile Include="Engine\Input\InputManager.cpp" />
  </ItemGroup>
  <ItemGroup>
    <Library Include="Engine\ExternalLibs\glfw3.lib" />
  </ItemGroup>
</Project>